# Generated by pub
# See https://dart.dev/tools/pub/glossary#lockfile
packages:
  args:
    dependency: "direct main"
    description:
      name: args
      sha256: "7cf60b9f0cc88203c5a190b4cd62a99feea42759a7fa695010eb5de1c0b2252a"
      url: "https://pub.dev"
    source: hosted
    version: "2.5.0"
  parrot:
    dependency: "direct main"
    description:
      name: parrot
      sha256: b32f5f1c0ad3cdfd735e8fa5d22df3a2a60b40110b4f639854f513d74485f078
      url: "https://pub.dev"
    source: hosted
    version: "0.0.6"
  parrot_cmd:
    dependency: "direct main"
    description:
      name: parrot_cmd
      sha256: bb7b655af763e3a7cedc424f61b029bec3892b50e8b06ab597ed589bc2d29a28
      url: "https://pub.dev"
    source: hosted
    version: "0.0.0"
  path:
    dependency: "direct main"
    description:
      name: path
      sha256: "087ce49c3f0dc39180befefc60fdb4acd8f8620e5682fe2476afd0b3688bb4af"
      url: "https://pub.dev"
    source: hosted
    version: "1.9.0"
sdks:
  dart: ">=2.19.0 <4.0.0"
